// !$*UTF8*$!
{
	archiveVersion = 1;
	classes = {
	};
	objectVersion = 50;
	objects = {

/* Begin PBXBuildFile section */
		2C912E1422D47EAD00757112 /* ViewController.swift in Sources */ = {isa = PBXBuildFile; fileRef = 2C912E0C22D47EAC00757112 /* ViewController.swift */; };
		2C912E1522D47EAD00757112 /* Assets.xcassets in Resources */ = {isa = PBXBuildFile; fileRef = 2C912E0D22D47EAC00757112 /* Assets.xcassets */; };
		2C912E1622D47EAD00757112 /* LaunchScreen.storyboard in Resources */ = {isa = PBXBuildFile; fileRef = 2C912E0E22D47EAC00757112 /* LaunchScreen.storyboard */; };
		2C912E1722D47EAD00757112 /* Main.storyboard in Resources */ = {isa = PBXBuildFile; fileRef = 2C912E1022D47EAC00757112 /* Main.storyboard */; };
		2C912E1822D47EAD00757112 /* AppDelegate.swift in Sources */ = {isa = PBXBuildFile; fileRef = 2C912E1222D47EAC00757112 /* AppDelegate.swift */; };
		2C912E1922D47EAD00757112 /* Info.plist in Resources */ = {isa = PBXBuildFile; fileRef = 2C912E1322D47EAC00757112 /* Info.plist */; };
		2C912E2322D4924900757112 /* Palette.h in Headers */ = {isa = PBXBuildFile; fileRef = 2C912E2122D4924900757112 /* Palette.h */; settings = {ATTRIBUTES = (Public, ); }; };
		2C912E2622D4924900757112 /* Palette.framework in Frameworks */ = {isa = PBXBuildFile; fileRef = 2C912E1F22D4924900757112 /* Palette.framework */; };
		2C912E2722D4924900757112 /* Palette.framework in Embed Frameworks */ = {isa = PBXBuildFile; fileRef = 2C912E1F22D4924900757112 /* Palette.framework */; settings = {ATTRIBUTES = (CodeSignOnCopy, RemoveHeadersOnCopy, ); }; };
		2C912E2D22D4927200757112 /* Assets.xcassets in Resources */ = {isa = PBXBuildFile; fileRef = 2C912E2C22D4927200757112 /* Assets.xcassets */; };
		2C912E2F22D496C100757112 /* UIImageExtensions.swift in Sources */ = {isa = PBXBuildFile; fileRef = 2C912E2E22D496C100757112 /* UIImageExtensions.swift */; };
		2C912E3122D5B2F100757112 /* PaletteView.swift in Sources */ = {isa = PBXBuildFile; fileRef = 2C912E3022D5B2F100757112 /* PaletteView.swift */; };
/* End PBXBuildFile section */

/* Begin PBXContainerItemProxy section */
		2C912E2422D4924900757112 /* PBXContainerItemProxy */ = {
			isa = PBXContainerItemProxy;
			containerPortal = 2C912DDB22D475CF00757112 /* Project object */;
			proxyType = 1;
			remoteGlobalIDString = 2C912E1E22D4924900757112;
			remoteInfo = Palette;
		};
/* End PBXContainerItemProxy section */

/* Begin PBXCopyFilesBuildPhase section */
		2C912E2B22D4924900757112 /* Embed Frameworks */ = {
			isa = PBXCopyFilesBuildPhase;
			buildActionMask = 2147483647;
			dstPath = "";
			dstSubfolderSpec = 10;
			files = (
				2C912E2722D4924900757112 /* Palette.framework in Embed Frameworks */,
			);
			name = "Embed Frameworks";
			runOnlyForDeploymentPostprocessing = 0;
		};
/* End PBXCopyFilesBuildPhase section */

/* Begin PBXFileReference section */
		2C912DE322D475CF00757112 /* Palette-iOS.app */ = {isa = PBXFileReference; explicitFileType = wrapper.application; includeInIndex = 0; path = "Palette-iOS.app"; sourceTree = BUILT_PRODUCTS_DIR; };
		2C912DF822D47C5300757112 /* MyPlayground.playground */ = {isa = PBXFileReference; lastKnownFileType = file.playground; path = MyPlayground.playground; sourceTree = "<group>"; xcLanguageSpecificationIdentifier = xcode.lang.swift; };
		2C912E0C22D47EAC00757112 /* ViewController.swift */ = {isa = PBXFileReference; fileEncoding = 4; lastKnownFileType = sourcecode.swift; path = ViewController.swift; sourceTree = "<group>"; };
		2C912E0D22D47EAC00757112 /* Assets.xcassets */ = {isa = PBXFileReference; lastKnownFileType = folder.assetcatalog; path = Assets.xcassets; sourceTree = "<group>"; };
		2C912E0F22D47EAC00757112 /* Base */ = {isa = PBXFileReference; lastKnownFileType = file.storyboard; name = Base; path = Base.lproj/LaunchScreen.storyboard; sourceTree = "<group>"; };
		2C912E1122D47EAC00757112 /* Base */ = {isa = PBXFileReference; lastKnownFileType = file.storyboard; name = Base; path = Base.lproj/Main.storyboard; sourceTree = "<group>"; };
		2C912E1222D47EAC00757112 /* AppDelegate.swift */ = {isa = PBXFileReference; fileEncoding = 4; lastKnownFileType = sourcecode.swift; path = AppDelegate.swift; sourceTree = "<group>"; };
		2C912E1322D47EAC00757112 /* Info.plist */ = {isa = PBXFileReference; fileEncoding = 4; lastKnownFileType = text.plist.xml; path = Info.plist; sourceTree = "<group>"; };
		2C912E1F22D4924900757112 /* Palette.framework */ = {isa = PBXFileReference; explicitFileType = wrapper.framework; includeInIndex = 0; path = Palette.framework; sourceTree = BUILT_PRODUCTS_DIR; };
		2C912E2122D4924900757112 /* Palette.h */ = {isa = PBXFileReference; lastKnownFileType = sourcecode.c.h; path = Palette.h; sourceTree = "<group>"; };
		2C912E2222D4924900757112 /* Info.plist */ = {isa = PBXFileReference; lastKnownFileType = text.plist.xml; path = Info.plist; sourceTree = "<group>"; };
		2C912E2C22D4927200757112 /* Assets.xcassets */ = {isa = PBXFileReference; lastKnownFileType = folder.assetcatalog; path = Assets.xcassets; sourceTree = "<group>"; };
		2C912E2E22D496C100757112 /* UIImageExtensions.swift */ = {isa = PBXFileReference; lastKnownFileType = sourcecode.swift; path = UIImageExtensions.swift; sourceTree = "<group>"; };
		2C912E3022D5B2F100757112 /* PaletteView.swift */ = {isa = PBXFileReference; lastKnownFileType = sourcecode.swift; path = PaletteView.swift; sourceTree = "<group>"; };
/* End PBXFileReference section */

/* Begin PBXFrameworksBuildPhase section */
		2C912DE022D475CF00757112 /* Frameworks */ = {
			isa = PBXFrameworksBuildPhase;
			buildActionMask = 2147483647;
			files = (
				2C912E2622D4924900757112 /* Palette.framework in Frameworks */,
			);
			runOnlyForDeploymentPostprocessing = 0;
		};
		2C912E1C22D4924900757112 /* Frameworks */ = {
			isa = PBXFrameworksBuildPhase;
			buildActionMask = 2147483647;
			files = (
			);
			runOnlyForDeploymentPostprocessing = 0;
		};
/* End PBXFrameworksBuildPhase section */

/* Begin PBXGroup section */
		2C912DDA22D475CF00757112 = {
			isa = PBXGroup;
			children = (
				2C912DF822D47C5300757112 /* MyPlayground.playground */,
				2C912E0B22D47EAC00757112 /* Palette-iOS */,
				2C912E2022D4924900757112 /* Palette */,
				2C912DE422D475CF00757112 /* Products */,
			);
			sourceTree = "<group>";
		};
		2C912DE422D475CF00757112 /* Products */ = {
			isa = PBXGroup;
			children = (
				2C912DE322D475CF00757112 /* Palette-iOS.app */,
				2C912E1F22D4924900757112 /* Palette.framework */,
			);
			name = Products;
			sourceTree = "<group>";
		};
		2C912E0B22D47EAC00757112 /* Palette-iOS */ = {
			isa = PBXGroup;
			children = (
				2C912E0C22D47EAC00757112 /* ViewController.swift */,
				2C912E0D22D47EAC00757112 /* Assets.xcassets */,
				2C912E0E22D47EAC00757112 /* LaunchScreen.storyboard */,
				2C912E1022D47EAC00757112 /* Main.storyboard */,
				2C912E1222D47EAC00757112 /* AppDelegate.swift */,
				2C912E1322D47EAC00757112 /* Info.plist */,
			);
			path = "Palette-iOS";
			sourceTree = "<group>";
		};
		2C912E2022D4924900757112 /* Palette */ = {
			isa = PBXGroup;
			children = (
				2C912E2122D4924900757112 /* Palette.h */,
				2C912E2C22D4927200757112 /* Assets.xcassets */,
				2C912E2222D4924900757112 /* Info.plist */,
				2C912E2E22D496C100757112 /* UIImageExtensions.swift */,
				2C912E3022D5B2F100757112 /* PaletteView.swift */,
			);
			path = Palette;
			sourceTree = "<group>";
		};
/* End PBXGroup section */

/* Begin PBXHeadersBuildPhase section */
		2C912E1A22D4924900757112 /* Headers */ = {
			isa = PBXHeadersBuildPhase;
			buildActionMask = 2147483647;
			files = (
				2C912E2322D4924900757112 /* Palette.h in Headers */,
			);
			runOnlyForDeploymentPostprocessing = 0;
		};
/* End PBXHeadersBuildPhase section */

/* Begin PBXNativeTarget section */
		2C912DE222D475CF00757112 /* Palette-iOS */ = {
			isa = PBXNativeTarget;
			buildConfigurationList = 2C912DF522D475D100757112 /* Build configuration list for PBXNativeTarget "Palette-iOS" */;
			buildPhases = (
				2C912DDF22D475CF00757112 /* Sources */,
				2C912DE022D475CF00757112 /* Frameworks */,
				2C912DE122D475CF00757112 /* Resources */,
				2C912E2B22D4924900757112 /* Embed Frameworks */,
			);
			buildRules = (
			);
			dependencies = (
				2C912E2522D4924900757112 /* PBXTargetDependency */,
			);
			name = "Palette-iOS";
			productName = Palette;
			productReference = 2C912DE322D475CF00757112 /* Palette-iOS.app */;
			productType = "com.apple.product-type.application";
		};
		2C912E1E22D4924900757112 /* Palette */ = {
			isa = PBXNativeTarget;
			buildConfigurationList = 2C912E2A22D4924900757112 /* Build configuration list for PBXNativeTarget "Palette" */;
			buildPhases = (
				2C912E1A22D4924900757112 /* Headers */,
				2C912E1B22D4924900757112 /* Sources */,
				2C912E1C22D4924900757112 /* Frameworks */,
				2C912E1D22D4924900757112 /* Resources */,
			);
			buildRules = (
			);
			dependencies = (
			);
			name = Palette;
			productName = Palette;
			productReference = 2C912E1F22D4924900757112 /* Palette.framework */;
			productType = "com.apple.product-type.framework";
		};
/* End PBXNativeTarget section */

/* Begin PBXProject section */
		2C912DDB22D475CF00757112 /* Project object */ = {
			isa = PBXProject;
			attributes = {
				DefaultBuildSystemTypeForWorkspace = Original;
				LastSwiftUpdateCheck = 1020;
				LastUpgradeCheck = 1020;
				ORGANIZATIONNAME = "Mitsuyoshi Yamazaki";
				TargetAttributes = {
					2C912DE222D475CF00757112 = {
						CreatedOnToolsVersion = 10.2.1;
					};
					2C912E1E22D4924900757112 = {
						CreatedOnToolsVersion = 10.2.1;
						LastSwiftMigration = 1020;
					};
				};
			};
			buildConfigurationList = 2C912DDE22D475CF00757112 /* Build configuration list for PBXProject "Palette" */;
			compatibilityVersion = "Xcode 9.3";
			developmentRegion = en;
			hasScannedForEncodings = 0;
			knownRegions = (
				en,
				Base,
			);
			mainGroup = 2C912DDA22D475CF00757112;
			productRefGroup = 2C912DE422D475CF00757112 /* Products */;
			projectDirPath = "";
			projectRoot = "";
			targets = (
				2C912DE222D475CF00757112 /* Palette-iOS */,
				2C912E1E22D4924900757112 /* Palette */,
			);
		};
/* End PBXProject section */

/* Begin PBXResourcesBuildPhase section */
		2C912DE122D475CF00757112 /* Resources */ = {
			isa = PBXResourcesBuildPhase;
			buildActionMask = 2147483647;
			files = (
				2C912E1922D47EAD00757112 /* Info.plist in Resources */,
				2C912E1722D47EAD00757112 /* Main.storyboard in Resources */,
				2C912E1522D47EAD00757112 /* Assets.xcassets in Resources */,
				2C912E1622D47EAD00757112 /* LaunchScreen.storyboard in Resources */,
			);
			runOnlyForDeploymentPostprocessing = 0;
		};
		2C912E1D22D4924900757112 /* Resources */ = {
			isa = PBXResourcesBuildPhase;
			buildActionMask = 2147483647;
			files = (
				2C912E2D22D4927200757112 /* Assets.xcassets in Resources */,
			);
			runOnlyForDeploymentPostprocessing = 0;
		};
/* End PBXResourcesBuildPhase section */

/* Begin PBXSourcesBuildPhase section */
		2C912DDF22D475CF00757112 /* Sources */ = {
			isa = PBXSourcesBuildPhase;
			buildActionMask = 2147483647;
			files = (
				2C912E1822D47EAD00757112 /* AppDelegate.swift in Sources */,
				2C912E1422D47EAD00757112 /* ViewController.swift in Sources */,
			);
			runOnlyForDeploymentPostprocessing = 0;
		};
		2C912E1B22D4924900757112 /* Sources */ = {
			isa = PBXSourcesBuildPhase;
			buildActionMask = 2147483647;
			files = (
				2C912E3122D5B2F100757112 /* PaletteView.swift in Sources */,
				2C912E2F22D496C100757112 /* UIImageExtensions.swift in Sources */,
			);
			runOnlyForDeploymentPostprocessing = 0;
		};
/* End PBXSourcesBuildPhase section */

/* Begin PBXTargetDependency section */
		2C912E2522D4924900757112 /* PBXTargetDependency */ = {
			isa = PBXTargetDependency;
			target = 2C912E1E22D4924900757112 /* Palette */;
			targetProxy = 2C912E2422D4924900757112 /* PBXContainerItemProxy */;
		};
/* End PBXTargetDependency section */

/* Begin PBXVariantGroup section */
		2C912E0E22D47EAC00757112 /* LaunchScreen.storyboard */ = {
			isa = PBXVariantGroup;
			children = (
				2C912E0F22D47EAC00757112 /* Base */,
			);
			name = LaunchScreen.storyboard;
			sourceTree = "<group>";
		};
		2C912E1022D47EAC00757112 /* Main.storyboard */ = {
			isa = PBXVariantGroup;
			children = (
				2C912E1122D47EAC00757112 /* Base */,
			);
			name = Main.storyboard;
			sourceTree = "<group>";
		};
/* End PBXVariantGroup section */

/* Begin XCBuildConfiguration section */
		2C912DF322D475D100757112 /* Debug */ = {
			isa = XCBuildConfiguration;
			buildSettings = {
				ALWAYS_SEARCH_USER_PATHS = NO;
				CLANG_ANALYZER_NONNULL = YES;
				CLANG_ANALYZER_NUMBER_OBJECT_CONVERSION = YES_AGGRESSIVE;
				CLANG_CXX_LANGUAGE_STANDARD = "gnu++14";
				CLANG_CXX_LIBRARY = "libc++";
				CLANG_ENABLE_MODULES = YES;
				CLANG_ENABLE_OBJC_ARC = YES;
				CLANG_ENABLE_OBJC_WEAK = YES;
				CLANG_WARN_BLOCK_CAPTURE_AUTORELEASING = YES;
				CLANG_WARN_BOOL_CONVERSION = YES;
				CLANG_WARN_COMMA = YES;
				CLANG_WARN_CONSTANT_CONVERSION = YES;
				CLANG_WARN_DEPRECATED_OBJC_IMPLEMENTATIONS = YES;
				CLANG_WARN_DIRECT_OBJC_ISA_USAGE = YES_ERROR;
				CLANG_WARN_DOCUMENTATION_COMMENTS = YES;
				CLANG_WARN_EMPTY_BODY = YES;
				CLANG_WARN_ENUM_CONVERSION = YES;
				CLANG_WARN_INFINITE_RECURSION = YES;
				CLANG_WARN_INT_CONVERSION = YES;
				CLANG_WARN_NON_LITERAL_NULL_CONVERSION = YES;
				CLANG_WARN_OBJC_IMPLICIT_RETAIN_SELF = YES;
				CLANG_WARN_OBJC_LITERAL_CONVERSION = YES;
				CLANG_WARN_OBJC_ROOT_CLASS = YES_ERROR;
				CLANG_WARN_RANGE_LOOP_ANALYSIS = YES;
				CLANG_WARN_STRICT_PROTOTYPES = YES;
				CLANG_WARN_SUSPICIOUS_MOVE = YES;
				CLANG_WARN_UNGUARDED_AVAILABILITY = YES_AGGRESSIVE;
				CLANG_WARN_UNREACHABLE_CODE = YES;
				CLANG_WARN__DUPLICATE_METHOD_MATCH = YES;
				CODE_SIGN_IDENTITY = "iPhone Developer";
				COPY_PHASE_STRIP = NO;
				DEBUG_INFORMATION_FORMAT = dwarf;
				ENABLE_STRICT_OBJC_MSGSEND = YES;
				ENABLE_TESTABILITY = YES;
				GCC_C_LANGUAGE_STANDARD = gnu11;
				GCC_DYNAMIC_NO_PIC = NO;
				GCC_NO_COMMON_BLOCKS = YES;
				GCC_OPTIMIZATION_LEVEL = 0;
				GCC_PREPROCESSOR_DEFINITIONS = (
					"DEBUG=1",
					"$(inherited)",
				);
				GCC_WARN_64_TO_32_BIT_CONVERSION = YES;
				GCC_WARN_ABOUT_RETURN_TYPE = YES_ERROR;
				GCC_WARN_UNDECLARED_SELECTOR = YES;
				GCC_WARN_UNINITIALIZED_AUTOS = YES_AGGRESSIVE;
				GCC_WARN_UNUSED_FUNCTION = YES;
				GCC_WARN_UNUSED_VARIABLE = YES;
				IPHONEOS_DEPLOYMENT_TARGET = 12.2;
				MTL_ENABLE_DEBUG_INFO = INCLUDE_SOURCE;
				MTL_FAST_MATH = YES;
				ONLY_ACTIVE_ARCH = YES;
				SDKROOT = iphoneos;
				SWIFT_ACTIVE_COMPILATION_CONDITIONS = DEBUG;
				SWIFT_OPTIMIZATION_LEVEL = "-Onone";
			};
			name = Debug;
		};
		2C912DF422D475D100757112 /* Release */ = {
			isa = XCBuildConfiguration;
			buildSettings = {
				ALWAYS_SEARCH_USER_PATHS = NO;
				CLANG_ANALYZER_NONNULL = YES;
				CLANG_ANALYZER_NUMBER_OBJECT_CONVERSION = YES_AGGRESSIVE;
				CLANG_CXX_LANGUAGE_STANDARD = "gnu++14";
				CLANG_CXX_LIBRARY = "libc++";
				CLANG_ENABLE_MODULES = YES;
				CLANG_ENABLE_OBJC_ARC = YES;
				CLANG_ENABLE_OBJC_WEAK = YES;
				CLANG_WARN_BLOCK_CAPTURE_AUTORELEASING = YES;
				CLANG_WARN_BOOL_CONVERSION = YES;
				CLANG_WARN_COMMA = YES;
				CLANG_WARN_CONSTANT_CONVERSION = YES;
				CLANG_WARN_DEPRECATED_OBJC_IMPLEMENTATIONS = YES;
				CLANG_WARN_DIRECT_OBJC_ISA_USAGE = YES_ERROR;
				CLANG_WARN_DOCUMENTATION_COMMENTS = YES;
				CLANG_WARN_EMPTY_BODY = YES;
				CLANG_WARN_ENUM_CONVERSION = YES;
				CLANG_WARN_INFINITE_RECURSION = YES;
				CLANG_WARN_INT_CONVERSION = YES;
				CLANG_WARN_NON_LITERAL_NULL_CONVERSION = YES;
				CLANG_WARN_OBJC_IMPLICIT_RETAIN_SELF = YES;
				CLANG_WARN_OBJC_LITERAL_CONVERSION = YES;
				CLANG_WARN_OBJC_ROOT_CLASS = YES_ERROR;
				CLANG_WARN_RANGE_LOOP_ANALYSIS = YES;
				CLANG_WARN_STRICT_PROTOTYPES = YES;
				CLANG_WARN_SUSPICIOUS_MOVE = YES;
				CLANG_WARN_UNGUARDED_AVAILABILITY = YES_AGGRESSIVE;
				CLANG_WARN_UNREACHABLE_CODE = YES;
				CLANG_WARN__DUPLICATE_METHOD_MATCH = YES;
				CODE_SIGN_IDENTITY = "iPhone Developer";
				COPY_PHASE_STRIP = NO;
				DEBUG_INFORMATION_FORMAT = "dwarf-with-dsym";
				ENABLE_NS_ASSERTIONS = NO;
				ENABLE_STRICT_OBJC_MSGSEND = YES;
				GCC_C_LANGUAGE_STANDARD = gnu11;
				GCC_NO_COMMON_BLOCKS = YES;
				GCC_WARN_64_TO_32_BIT_CONVERSION = YES;
				GCC_WARN_ABOUT_RETURN_TYPE = YES_ERROR;
				GCC_WARN_UNDECLARED_SELECTOR = YES;
				GCC_WARN_UNINITIALIZED_AUTOS = YES_AGGRESSIVE;
				GCC_WARN_UNUSED_FUNCTION = YES;
				GCC_WARN_UNUSED_VARIABLE = YES;
				IPHONEOS_DEPLOYMENT_TARGET = 12.2;
				MTL_ENABLE_DEBUG_INFO = NO;
				MTL_FAST_MATH = YES;
				SDKROOT = iphoneos;
				SWIFT_COMPILATION_MODE = wholemodule;
				SWIFT_OPTIMIZATION_LEVEL = "-O";
				VALIDATE_PRODUCT = YES;
			};
			name = Release;
		};
		2C912DF622D475D100757112 /* Debug */ = {
			isa = XCBuildConfiguration;
			buildSettings = {
				ALWAYS_EMBED_SWIFT_STANDARD_LIBRARIES = YES;
				ASSETCATALOG_COMPILER_APPICON_NAME = AppIcon;
				CODE_SIGN_STYLE = Automatic;
				DEVELOPMENT_TEAM = CELB44UPP5;
				INFOPLIST_FILE = "Palette-iOS/Info.plist";
				LD_RUNPATH_SEARCH_PATHS = (
					"$(inherited)",
					"@executable_path/Frameworks",
				);
				PRODUCT_BUNDLE_IDENTIFIER = "mitsuyoshi.Palette-iOS";
				PRODUCT_NAME = "$(TARGET_NAME)";
				SWIFT_VERSION = 5.0;
				TARGETED_DEVICE_FAMILY = "1,2";
			};
			name = Debug;
		};
		2C912DF722D475D100757112 /* Release */ = {
			isa = XCBuildConfiguration;
			buildSettings = {
				ALWAYS_EMBED_SWIFT_STANDARD_LIBRARIES = YES;
				ASSETCATALOG_COMPILER_APPICON_NAME = AppIcon;
				CODE_SIGN_STYLE = Automatic;
				DEVELOPMENT_TEAM = CELB44UPP5;
				INFOPLIST_FILE = "Palette-iOS/Info.plist";
				LD_RUNPATH_SEARCH_PATHS = (
					"$(inherited)",
					"@executable_path/Frameworks",
				);
				PRODUCT_BUNDLE_IDENTIFIER = "mitsuyoshi.Palette-iOS";
				PRODUCT_NAME = "$(TARGET_NAME)";
				SWIFT_VERSION = 5.0;
				TARGETED_DEVICE_FAMILY = "1,2";
			};
			name = Release;
		};
		2C912E2822D4924900757112 /* Debug */ = {
			isa = XCBuildConfiguration;
			buildSettings = {
				CLANG_ENABLE_MODULES = YES;
				CODE_SIGN_IDENTITY = "";
				CODE_SIGN_STYLE = Automatic;
				CURRENT_PROJECT_VERSION = 1;
				DEFINES_MODULE = YES;
				DEVELOPMENT_TEAM = CELB44UPP5;
				DYLIB_COMPATIBILITY_VERSION = 1;
				DYLIB_CURRENT_VERSION = 1;
				DYLIB_INSTALL_NAME_BASE = "@rpath";
				INFOPLIST_FILE = Palette/Info.plist;
				INSTALL_PATH = "$(LOCAL_LIBRARY_DIR)/Frameworks";
				LD_RUNPATH_SEARCH_PATHS = (
					"$(inherited)",
					"@executable_path/Frameworks",
					"@loader_path/Frameworks",
				);
				PRODUCT_BUNDLE_IDENTIFIER = mitsuyoshi.Palette;
				PRODUCT_NAME = "$(TARGET_NAME:c99extidentifier)";
				SKIP_INSTALL = YES;
				SWIFT_OPTIMIZATION_LEVEL = "-Onone";
				SWIFT_VERSION = 5.0;
				TARGETED_DEVICE_FAMILY = "1,2";
				VERSIONING_SYSTEM = "apple-generic";
				VERSION_INFO_PREFIX = "";
			};
			name = Debug;
		};
		2C912E2922D4924900757112 /* Release */ = {
			isa = XCBuildConfiguration;
			buildSettings = {
				CLANG_ENABLE_MODULES = YES;
				CODE_SIGN_IDENTITY = "";
				CODE_SIGN_STYLE = Automatic;
				CURRENT_PROJECT_VERSION = 1;
				DEFINES_MODULE = YES;
				DEVELOPMENT_TEAM = CELB44UPP5;
				DYLIB_COMPATIBILITY_VERSION = 1;
				DYLIB_CURRENT_VERSION = 1;
				DYLIB_INSTALL_NAME_BASE = "@rpath";
				INFOPLIST_FILE = Palette/Info.plist;
				INSTALL_PATH = "$(LOCAL_LIBRARY_DIR)/Frameworks";
				LD_RUNPATH_SEARCH_PATHS = (
					"$(inherited)",
					"@executable_path/Frameworks",
					"@loader_path/Frameworks",
				);
				PRODUCT_BUNDLE_IDENTIFIER = mitsuyoshi.Palette;
				PRODUCT_NAME = "$(TARGET_NAME:c99extidentifier)";
				SKIP_INSTALL = YES;
				SWIFT_VERSION = 5.0;
				TARGETED_DEVICE_FAMILY = "1,2";
				VERSIONING_SYSTEM = "apple-generic";
				VERSION_INFO_PREFIX = "";
			};
			name = Release;
		};
/* End XCBuildConfiguration section */

/* Begin XCConfigurationList section */
		2C912DDE22D475CF00757112 /* Build configuration list for PBXProject "Palette" */ = {
			isa = XCConfigurationList;
			buildConfigurations = (
				2C912DF322D475D100757112 /* Debug */,
				2C912DF422D475D100757112 /* Release */,
			);
			defaultConfigurationIsVisible = 0;
			defaultConfigurationName = Release;
		};
		2C912DF522D475D100757112 /* Build configuration list for PBXNativeTarget "Palette-iOS" */ = {
			isa = XCConfigurationList;
			buildConfigurations = (
				2C912DF622D475D100757112 /* Debug */,
				2C912DF722D475D100757112 /* Release */,
			);
			defaultConfigurationIsVisible = 0;
			defaultConfigurationName = Release;
		};
		2C912E2A22D4924900757112 /* Build configuration list for PBXNativeTarget "Palette" */ = {
			isa = XCConfigurationList;
			buildConfigurations = (
				2C912E2822D4924900757112 /* Debug */,
				2C912E2922D4924900757112 /* Release */,
			);
			defaultConfigurationIsVisible = 0;
			defaultConfigurationName = Release;
		};
/* End XCConfigurationList section */
	};
	rootObject = 2C912DDB22D475CF00757112 /* Project object */;
}
